
Microsoft Visual Studio Solution File, Format Version 12.00
# Visual Studio 15
VisualStudioVersion = 15.0.27428.2005
MinimumVisualStudioVersion = 10.0.40219.1
Project("{E24C65DC-7377-472B-9ABA-BC803B73C61A}") = "asptests", ".", "{1AF5F9FD-2469-4D42-AED5-FB2D361C5FAE}"
	ProjectSection(WebsiteProperties) = preProject
		TargetFrameworkMoniker = ".NETFramework,Version%3Dv4.0"
		Debug.AspNetCompiler.VirtualPath = "/localhost_50877"
		Debug.AspNetCompiler.PhysicalPath = "..\asptests\"
		Debug.AspNetCompiler.TargetPath = "PrecompiledWeb\localhost_50877\"
		Debug.AspNetCompiler.Updateable = "true"
		Debug.AspNetCompiler.ForceOverwrite = "true"
		Debug.AspNetCompiler.FixedNames = "false"
		Debug.AspNetCompiler.Debug = "True"
		Release.AspNetCompiler.VirtualPath = "/localhost_50877"
		Release.AspNetCompiler.PhysicalPath = "..\asptests\"
		Release.AspNetCompiler.TargetPath = "PrecompiledWeb\localhost_50877\"
		Release.AspNetCompiler.Updateable = "true"
		Release.AspNetCompiler.ForceOverwrite = "true"
		Release.AspNetCompiler.FixedNames = "false"
		Release.AspNetCompiler.Debug = "False"
		VWDPort = "50877"
		SlnRelativePath = "..\asptests\"
	EndProjectSection
EndProject
Global
	GlobalSection(SolutionConfigurationPlatforms) = preSolution
		Debug|Any CPU = Debug|Any CPU
	EndGlobalSection
	GlobalSection(ProjectConfigurationPlatforms) = postSolution
		{1AF5F9FD-2469-4D42-AED5-FB2D361C5FAE}.Debug|Any CPU.ActiveCfg = Debug|Any CPU
		{1AF5F9FD-2469-4D42-AED5-FB2D361C5FAE}.Debug|Any CPU.Build.0 = Debug|Any CPU
	EndGlobalSection
	GlobalSection(SolutionProperties) = preSolution
		HideSolutionNode = FALSE
	EndGlobalSection
	GlobalSection(ExtensibilityGlobals) = postSolution
		SolutionGuid = {93F3A1EF-80E3-4A38-B58A-2013665113D7}
	EndGlobalSection
EndGlobal
